
Microsoft Visual Studio Solution File, Format Version 12.00
# Visual Studio Version 16
VisualStudioVersion = 16.0.28803.202
MinimumVisualStudioVersion = 10.0.40219.1
Project("{2150E333-8FDC-42A3-9474-1A3956D46DE8}") = "contract", "contract", "{5C980166-C987-470D-AEE0-3858A170A903}"
	ProjectSection(SolutionItems) = preProject
		contract\Directory.Build.props = contract\Directory.Build.props
	EndProjectSection
EndProject
Project("{2150E333-8FDC-42A3-9474-1A3956D46DE8}") = "src", "src", "{21D85A91-5BB8-4912-8107-49435A461AAC}"
EndProject
Project("{2150E333-8FDC-42A3-9474-1A3956D46DE8}") = "test", "test", "{DBC47323-E6A2-42A2-A624-CE2EE6139567}"
EndProject
Project("{FAE04EC0-301F-11D3-BF4B-00C04F79EFBC}") = "AElf.Boilerplate.TestBase", "src\AElf.Boilerplate.TestBase\AElf.Boilerplate.TestBase.csproj", "{F72731A8-5803-4362-834F-0C066E64D4CD}"
EndProject
Project("{FAE04EC0-301F-11D3-BF4B-00C04F79EFBC}") = "AElf.Boilerplate.ContractPatcher", "src\AElf.Boilerplate.ContractPatcher\AElf.Boilerplate.ContractPatcher.csproj", "{DCC207EA-842A-4B54-858B-295CAA8947D5}"
EndProject
Project("{FAE04EC0-301F-11D3-BF4B-00C04F79EFBC}") = "AElf.Contracts.Price", "contract\AElf.Contracts.Price\AElf.Contracts.Price.csproj", "{F64E7D2D-9AA1-4F32-B8B0-B1BF82CF48E1}"
EndProject
Project("{FAE04EC0-301F-11D3-BF4B-00C04F79EFBC}") = "AElf.Contracts.TestOracle", "contract\AElf.Contracts.TestOracle\AElf.Contracts.TestOracle.csproj", "{45B3F25E-724D-40E1-B400-2A09D3CE4F16}"
EndProject
Project("{FAE04EC0-301F-11D3-BF4B-00C04F79EFBC}") = "AElf.Contracts.Price.Tests", "test\AElf.Contracts.Price.Tests\AElf.Contracts.Price.Tests.csproj", "{FF8AF19A-899F-4502-8ECF-B560E99C1727}"
EndProject
Global
	GlobalSection(SolutionConfigurationPlatforms) = preSolution
		Debug|Any CPU = Debug|Any CPU
		Release|Any CPU = Release|Any CPU
	EndGlobalSection
	GlobalSection(ProjectConfigurationPlatforms) = postSolution
		{9484A7A9-CA57-4FF4-9FD8-27BFEF92EDBC}.Debug|Any CPU.ActiveCfg = Debug|Any CPU
		{9484A7A9-CA57-4FF4-9FD8-27BFEF92EDBC}.Debug|Any CPU.Build.0 = Debug|Any CPU
		{9484A7A9-CA57-4FF4-9FD8-27BFEF92EDBC}.Release|Any CPU.ActiveCfg = Release|Any CPU
		{9484A7A9-CA57-4FF4-9FD8-27BFEF92EDBC}.Release|Any CPU.Build.0 = Release|Any CPU
		{DCC207EA-842A-4B54-858B-295CAA8947D5}.Debug|Any CPU.ActiveCfg = Debug|Any CPU
		{DCC207EA-842A-4B54-858B-295CAA8947D5}.Debug|Any CPU.Build.0 = Debug|Any CPU
		{DCC207EA-842A-4B54-858B-295CAA8947D5}.Release|Any CPU.ActiveCfg = Release|Any CPU
		{DCC207EA-842A-4B54-858B-295CAA8947D5}.Release|Any CPU.Build.0 = Release|Any CPU
		{F64E7D2D-9AA1-4F32-B8B0-B1BF82CF48E1}.Debug|Any CPU.ActiveCfg = Debug|Any CPU
		{F64E7D2D-9AA1-4F32-B8B0-B1BF82CF48E1}.Debug|Any CPU.Build.0 = Debug|Any CPU
		{F64E7D2D-9AA1-4F32-B8B0-B1BF82CF48E1}.Release|Any CPU.ActiveCfg = Release|Any CPU
		{F64E7D2D-9AA1-4F32-B8B0-B1BF82CF48E1}.Release|Any CPU.Build.0 = Release|Any CPU
		{45B3F25E-724D-40E1-B400-2A09D3CE4F16}.Debug|Any CPU.ActiveCfg = Debug|Any CPU
		{45B3F25E-724D-40E1-B400-2A09D3CE4F16}.Debug|Any CPU.Build.0 = Debug|Any CPU
		{45B3F25E-724D-40E1-B400-2A09D3CE4F16}.Release|Any CPU.ActiveCfg = Release|Any CPU
		{45B3F25E-724D-40E1-B400-2A09D3CE4F16}.Release|Any CPU.Build.0 = Release|Any CPU
		{FF8AF19A-899F-4502-8ECF-B560E99C1727}.Debug|Any CPU.ActiveCfg = Debug|Any CPU
		{FF8AF19A-899F-4502-8ECF-B560E99C1727}.Debug|Any CPU.Build.0 = Debug|Any CPU
		{FF8AF19A-899F-4502-8ECF-B560E99C1727}.Release|Any CPU.ActiveCfg = Release|Any CPU
		{FF8AF19A-899F-4502-8ECF-B560E99C1727}.Release|Any CPU.Build.0 = Release|Any CPU
	EndGlobalSection
	GlobalSection(SolutionProperties) = preSolution
		HideSolutionNode = FALSE
	EndGlobalSection
	GlobalSection(NestedProjects) = preSolution
		{F72731A8-5803-4362-834F-0C066E64D4CD} = {21D85A91-5BB8-4912-8107-49435A461AAC}
		{DCC207EA-842A-4B54-858B-295CAA8947D5} = {21D85A91-5BB8-4912-8107-49435A461AAC}
		{F64E7D2D-9AA1-4F32-B8B0-B1BF82CF48E1} = {5C980166-C987-470D-AEE0-3858A170A903}
		{45B3F25E-724D-40E1-B400-2A09D3CE4F16} = {5C980166-C987-470D-AEE0-3858A170A903}
		{FF8AF19A-899F-4502-8ECF-B560E99C1727} = {DBC47323-E6A2-42A2-A624-CE2EE6139567}
	EndGlobalSection
	GlobalSection(ExtensibilityGlobals) = postSolution
		SolutionGuid = {D7426B41-E959-40E4-9ED8-ED8D9C50F133}
	EndGlobalSection
EndGlobal
